
Microsoft Visual Studio Solution File, Format Version 12.00
# Visual Studio Version 17
VisualStudioVersion = 17.9.34723.18
MinimumVisualStudioVersion = 10.0.40219.1
Project("{FAE04EC0-301F-11D3-BF4B-00C04F79EFBC}") = "PractikaSalon", "PractikaSalon\PractikaSalon.csproj", "{88DA27C2-8611-45E7-A149-D82E0DA76CA6}"
EndProject
Global
	GlobalSection(SolutionConfigurationPlatforms) = preSolution
		Debug|Any CPU = Debug|Any CPU
		Release|Any CPU = Release|Any CPU
	EndGlobalSection
	GlobalSection(ProjectConfigurationPlatforms) = postSolution
		{88DA27C2-8611-45E7-A149-D82E0DA76CA6}.Debug|Any CPU.ActiveCfg = Debug|Any CPU
		{88DA27C2-8611-45E7-A149-D82E0DA76CA6}.Debug|Any CPU.Build.0 = Debug|Any CPU
		{88DA27C2-8611-45E7-A149-D82E0DA76CA6}.Release|Any CPU.ActiveCfg = Release|Any CPU
		{88DA27C2-8611-45E7-A149-D82E0DA76CA6}.Release|Any CPU.Build.0 = Release|Any CPU
	EndGlobalSection
	GlobalSection(SolutionProperties) = preSolution
		HideSolutionNode = FALSE
	EndGlobalSection
	GlobalSection(ExtensibilityGlobals) = postSolution
		SolutionGuid = {B050FBFF-8764-4329-A77C-3DBED4260699}
	EndGlobalSection
EndGlobal
